// !$*UTF8*$!
{
	archiveVersion = 1;
	classes = {
	};
	objectVersion = 56;
	objects = {

/* Begin PBXBuildFile section */
		4315772A2BCB8A26007D4344 /* MapView.swift in Sources */ = {isa = PBXBuildFile; fileRef = 431577292BCB8A25007D4344 /* MapView.swift */; };
		4315772C2BCB8A6B007D4344 /* NavigateView.swift in Sources */ = {isa = PBXBuildFile; fileRef = 4315772B2BCB8A6B007D4344 /* NavigateView.swift */; };
		4315772E2BCB8BB8007D4344 /* MainMessagesView.swift in Sources */ = {isa = PBXBuildFile; fileRef = 4315772D2BCB8BB8007D4344 /* MainMessagesView.swift */; };
		431577302BCB8BD0007D4344 /* AccountView.swift in Sources */ = {isa = PBXBuildFile; fileRef = 4315772F2BCB8BD0007D4344 /* AccountView.swift */; };
		431577332BCBC167007D4344 /* Launch Screen.storyboard in Resources */ = {isa = PBXBuildFile; fileRef = 431577322BCBC167007D4344 /* Launch Screen.storyboard */; };
		431577422BCCC9BB007D4344 /* ImagePicker.swift in Sources */ = {isa = PBXBuildFile; fileRef = 431577412BCCC9BB007D4344 /* ImagePicker.swift */; };
		4315777B2BCD0A95007D4344 /* FirebaseManager.swift in Sources */ = {isa = PBXBuildFile; fileRef = 4315777A2BCD0A95007D4344 /* FirebaseManager.swift */; };
		4315777E2BCD12F1007D4344 /* SDWebImageSwiftUI in Frameworks */ = {isa = PBXBuildFile; productRef = 4315777D2BCD12F1007D4344 /* SDWebImageSwiftUI */; };
		431577802BCE0513007D4344 /* ChatUser.swift in Sources */ = {isa = PBXBuildFile; fileRef = 4315777F2BCE0513007D4344 /* ChatUser.swift */; };
		431577822BCE079B007D4344 /* NewMessageView.swift in Sources */ = {isa = PBXBuildFile; fileRef = 431577812BCE079B007D4344 /* NewMessageView.swift */; };
		431CB98B2BEB4D6F003FEEEE /* GoogleService-Info.plist in Resources */ = {isa = PBXBuildFile; fileRef = 431CB98A2BEB4D6F003FEEEE /* GoogleService-Info.plist */; };
		431CB98E2BEB5147003FEEEE /* FirebaseAnalytics in Frameworks */ = {isa = PBXBuildFile; productRef = 431CB98D2BEB5147003FEEEE /* FirebaseAnalytics */; };
		431CB9902BEB5147003FEEEE /* FirebaseAnalyticsOnDeviceConversion in Frameworks */ = {isa = PBXBuildFile; productRef = 431CB98F2BEB5147003FEEEE /* FirebaseAnalyticsOnDeviceConversion */; };
		431CB9922BEB5147003FEEEE /* FirebaseAnalyticsSwift in Frameworks */ = {isa = PBXBuildFile; productRef = 431CB9912BEB5147003FEEEE /* FirebaseAnalyticsSwift */; };
		431CB9942BEB5147003FEEEE /* FirebaseAnalyticsWithoutAdIdSupport in Frameworks */ = {isa = PBXBuildFile; productRef = 431CB9932BEB5147003FEEEE /* FirebaseAnalyticsWithoutAdIdSupport */; };
		431CB9962BEB5147003FEEEE /* FirebaseAppCheck in Frameworks */ = {isa = PBXBuildFile; productRef = 431CB9952BEB5147003FEEEE /* FirebaseAppCheck */; };
		431CB9982BEB5147003FEEEE /* FirebaseAppDistribution-Beta in Frameworks */ = {isa = PBXBuildFile; productRef = 431CB9972BEB5147003FEEEE /* FirebaseAppDistribution-Beta */; };
		431CB99A2BEB5147003FEEEE /* FirebaseAuth in Frameworks */ = {isa = PBXBuildFile; productRef = 431CB9992BEB5147003FEEEE /* FirebaseAuth */; };
		431CB99C2BEB5147003FEEEE /* FirebaseAuthCombine-Community in Frameworks */ = {isa = PBXBuildFile; productRef = 431CB99B2BEB5147003FEEEE /* FirebaseAuthCombine-Community */; };
		431CB99E2BEB5147003FEEEE /* FirebaseCrashlytics in Frameworks */ = {isa = PBXBuildFile; productRef = 431CB99D2BEB5147003FEEEE /* FirebaseCrashlytics */; };
		431CB9A02BEB5147003FEEEE /* FirebaseDatabase in Frameworks */ = {isa = PBXBuildFile; productRef = 431CB99F2BEB5147003FEEEE /* FirebaseDatabase */; };
		431CB9A22BEB5147003FEEEE /* FirebaseDatabaseSwift in Frameworks */ = {isa = PBXBuildFile; productRef = 431CB9A12BEB5147003FEEEE /* FirebaseDatabaseSwift */; };
		431CB9A42BEB5147003FEEEE /* FirebaseDynamicLinks in Frameworks */ = {isa = PBXBuildFile; productRef = 431CB9A32BEB5147003FEEEE /* FirebaseDynamicLinks */; };
		431CB9A62BEB5147003FEEEE /* FirebaseFirestore in Frameworks */ = {isa = PBXBuildFile; productRef = 431CB9A52BEB5147003FEEEE /* FirebaseFirestore */; };
		431CB9A82BEB5147003FEEEE /* FirebaseFirestoreCombine-Community in Frameworks */ = {isa = PBXBuildFile; productRef = 431CB9A72BEB5147003FEEEE /* FirebaseFirestoreCombine-Community */; };
		431CB9AA2BEB5147003FEEEE /* FirebaseFirestoreSwift in Frameworks */ = {isa = PBXBuildFile; productRef = 431CB9A92BEB5147003FEEEE /* FirebaseFirestoreSwift */; };
		431CB9AC2BEB5147003FEEEE /* FirebaseFunctions in Frameworks */ = {isa = PBXBuildFile; productRef = 431CB9AB2BEB5147003FEEEE /* FirebaseFunctions */; };
		431CB9AE2BEB5147003FEEEE /* FirebaseFunctionsCombine-Community in Frameworks */ = {isa = PBXBuildFile; productRef = 431CB9AD2BEB5147003FEEEE /* FirebaseFunctionsCombine-Community */; };
		431CB9B02BEB5147003FEEEE /* FirebaseInAppMessaging-Beta in Frameworks */ = {isa = PBXBuildFile; productRef = 431CB9AF2BEB5147003FEEEE /* FirebaseInAppMessaging-Beta */; };
		431CB9B22BEB5147003FEEEE /* FirebaseInAppMessagingSwift-Beta in Frameworks */ = {isa = PBXBuildFile; productRef = 431CB9B12BEB5147003FEEEE /* FirebaseInAppMessagingSwift-Beta */; };
		431CB9B42BEB5147003FEEEE /* FirebaseInstallations in Frameworks */ = {isa = PBXBuildFile; productRef = 431CB9B32BEB5147003FEEEE /* FirebaseInstallations */; };
		431CB9B62BEB5147003FEEEE /* FirebaseMLModelDownloader in Frameworks */ = {isa = PBXBuildFile; productRef = 431CB9B52BEB5147003FEEEE /* FirebaseMLModelDownloader */; };
		431CB9B82BEB5147003FEEEE /* FirebaseMessaging in Frameworks */ = {isa = PBXBuildFile; productRef = 431CB9B72BEB5147003FEEEE /* FirebaseMessaging */; };
		431CB9BA2BEB5147003FEEEE /* FirebasePerformance in Frameworks */ = {isa = PBXBuildFile; productRef = 431CB9B92BEB5147003FEEEE /* FirebasePerformance */; };
		431CB9BC2BEB5147003FEEEE /* FirebaseRemoteConfig in Frameworks */ = {isa = PBXBuildFile; productRef = 431CB9BB2BEB5147003FEEEE /* FirebaseRemoteConfig */; };
		431CB9BE2BEB5147003FEEEE /* FirebaseRemoteConfigSwift in Frameworks */ = {isa = PBXBuildFile; productRef = 431CB9BD2BEB5147003FEEEE /* FirebaseRemoteConfigSwift */; };
		431CB9C02BEB5147003FEEEE /* FirebaseStorage in Frameworks */ = {isa = PBXBuildFile; productRef = 431CB9BF2BEB5147003FEEEE /* FirebaseStorage */; };
		431CB9C22BEB5147003FEEEE /* FirebaseStorageCombine-Community in Frameworks */ = {isa = PBXBuildFile; productRef = 431CB9C12BEB5147003FEEEE /* FirebaseStorageCombine-Community */; };
		43445E572BD3447400591A03 /* ChatLogView.swift in Sources */ = {isa = PBXBuildFile; fileRef = 43445E562BD3447400591A03 /* ChatLogView.swift */; };
		43502C262BA864FC00D626AF /* WHEREApp.swift in Sources */ = {isa = PBXBuildFile; fileRef = 43502C252BA864FC00D626AF /* WHEREApp.swift */; };
		43502C282BA864FC00D626AF /* MainView.swift in Sources */ = {isa = PBXBuildFile; fileRef = 43502C272BA864FC00D626AF /* MainView.swift */; };
		43502C2A2BA864FD00D626AF /* Assets.xcassets in Resources */ = {isa = PBXBuildFile; fileRef = 43502C292BA864FD00D626AF /* Assets.xcassets */; };
		43502C2D2BA864FD00D626AF /* Preview Assets.xcassets in Resources */ = {isa = PBXBuildFile; fileRef = 43502C2C2BA864FD00D626AF /* Preview Assets.xcassets */; };
		43502C432BA8653C00D626AF /* CarFilled.png in Resources */ = {isa = PBXBuildFile; fileRef = 43502C332BA8653C00D626AF /* CarFilled.png */; };
		43502C442BA8653C00D626AF /* CarOutlined.png in Resources */ = {isa = PBXBuildFile; fileRef = 43502C342BA8653C00D626AF /* CarOutlined.png */; };
		43502C452BA8653C00D626AF /* CarRound.png in Resources */ = {isa = PBXBuildFile; fileRef = 43502C352BA8653C00D626AF /* CarRound.png */; };
		43502C462BA8653C00D626AF /* GroupFilled.png in Resources */ = {isa = PBXBuildFile; fileRef = 43502C362BA8653C00D626AF /* GroupFilled.png */; };
		43502C472BA8653C00D626AF /* GroupOutlined.png in Resources */ = {isa = PBXBuildFile; fileRef = 43502C372BA8653C00D626AF /* GroupOutlined.png */; };
		43502C482BA8653C00D626AF /* GroupRound.png in Resources */ = {isa = PBXBuildFile; fileRef = 43502C382BA8653C00D626AF /* GroupRound.png */; };
		43502C492BA8653C00D626AF /* PersonFilled.png in Resources */ = {isa = PBXBuildFile; fileRef = 43502C392BA8653C00D626AF /* PersonFilled.png */; };
		43502C4A2BA8653C00D626AF /* PersonOutlined.png in Resources */ = {isa = PBXBuildFile; fileRef = 43502C3A2BA8653C00D626AF /* PersonOutlined.png */; };
		43502C4B2BA8653C00D626AF /* PersonRound.png in Resources */ = {isa = PBXBuildFile; fileRef = 43502C3B2BA8653C00D626AF /* PersonRound.png */; };
		43502C4C2BA8653C00D626AF /* PinFilled.png in Resources */ = {isa = PBXBuildFile; fileRef = 43502C3C2BA8653C00D626AF /* PinFilled.png */; };
		43502C4D2BA8653C00D626AF /* PinOutlined.png in Resources */ = {isa = PBXBuildFile; fileRef = 43502C3D2BA8653C00D626AF /* PinOutlined.png */; };
		43502C4E2BA8653C00D626AF /* PinRound.png in Resources */ = {isa = PBXBuildFile; fileRef = 43502C3E2BA8653C00D626AF /* PinRound.png */; };
		43502C4F2BA8653C00D626AF /* StarFilled.png in Resources */ = {isa = PBXBuildFile; fileRef = 43502C3F2BA8653C00D626AF /* StarFilled.png */; };
		43502C502BA8653C00D626AF /* StarOutlined.png in Resources */ = {isa = PBXBuildFile; fileRef = 43502C402BA8653C00D626AF /* StarOutlined.png */; };
		43502C512BA8653C00D626AF /* StarRound.png in Resources */ = {isa = PBXBuildFile; fileRef = 43502C412BA8653C00D626AF /* StarRound.png */; };
/* End PBXBuildFile section */

/* Begin PBXFileReference section */
		431577292BCB8A25007D4344 /* MapView.swift */ = {isa = PBXFileReference; lastKnownFileType = sourcecode.swift; path = MapView.swift; sourceTree = "<group>"; };
		4315772B2BCB8A6B007D4344 /* NavigateView.swift */ = {isa = PBXFileReference; lastKnownFileType = sourcecode.swift; path = NavigateView.swift; sourceTree = "<group>"; };
		4315772D2BCB8BB8007D4344 /* MainMessagesView.swift */ = {isa = PBXFileReference; lastKnownFileType = sourcecode.swift; path = MainMessagesView.swift; sourceTree = "<group>"; };
		4315772F2BCB8BD0007D4344 /* AccountView.swift */ = {isa = PBXFileReference; lastKnownFileType = sourcecode.swift; path = AccountView.swift; sourceTree = "<group>"; };
		431577322BCBC167007D4344 /* Launch Screen.storyboard */ = {isa = PBXFileReference; lastKnownFileType = file.storyboard; path = "Launch Screen.storyboard"; sourceTree = "<group>"; };
		431577412BCCC9BB007D4344 /* ImagePicker.swift */ = {isa = PBXFileReference; lastKnownFileType = sourcecode.swift; path = ImagePicker.swift; sourceTree = "<group>"; };
		4315777A2BCD0A95007D4344 /* FirebaseManager.swift */ = {isa = PBXFileReference; lastKnownFileType = sourcecode.swift; path = FirebaseManager.swift; sourceTree = "<group>"; };
		4315777F2BCE0513007D4344 /* ChatUser.swift */ = {isa = PBXFileReference; lastKnownFileType = sourcecode.swift; path = ChatUser.swift; sourceTree = "<group>"; };
		431577812BCE079B007D4344 /* NewMessageView.swift */ = {isa = PBXFileReference; lastKnownFileType = sourcecode.swift; path = NewMessageView.swift; sourceTree = "<group>"; };
		431CB98A2BEB4D6F003FEEEE /* GoogleService-Info.plist */ = {isa = PBXFileReference; fileEncoding = 4; lastKnownFileType = text.plist.xml; name = "GoogleService-Info.plist"; path = "../../../../Downloads/GoogleService-Info.plist"; sourceTree = "<group>"; };
		43445E562BD3447400591A03 /* ChatLogView.swift */ = {isa = PBXFileReference; lastKnownFileType = sourcecode.swift; path = ChatLogView.swift; sourceTree = "<group>"; };
		43502C222BA864FC00D626AF /* WHERE.app */ = {isa = PBXFileReference; explicitFileType = wrapper.application; includeInIndex = 0; path = WHERE.app; sourceTree = BUILT_PRODUCTS_DIR; };
		43502C252BA864FC00D626AF /* WHEREApp.swift */ = {isa = PBXFileReference; lastKnownFileType = sourcecode.swift; path = WHEREApp.swift; sourceTree = "<group>"; };
		43502C272BA864FC00D626AF /* MainView.swift */ = {isa = PBXFileReference; lastKnownFileType = sourcecode.swift; path = MainView.swift; sourceTree = "<group>"; };
		43502C292BA864FD00D626AF /* Assets.xcassets */ = {isa = PBXFileReference; lastKnownFileType = folder.assetcatalog; path = Assets.xcassets; sourceTree = "<group>"; };
		43502C2C2BA864FD00D626AF /* Preview Assets.xcassets */ = {isa = PBXFileReference; lastKnownFileType = folder.assetcatalog; path = "Preview Assets.xcassets"; sourceTree = "<group>"; };
		43502C332BA8653C00D626AF /* CarFilled.png */ = {isa = PBXFileReference; lastKnownFileType = image.png; path = CarFilled.png; sourceTree = "<group>"; };
		43502C342BA8653C00D626AF /* CarOutlined.png */ = {isa = PBXFileReference; lastKnownFileType = image.png; path = CarOutlined.png; sourceTree = "<group>"; };
		43502C352BA8653C00D626AF /* CarRound.png */ = {isa = PBXFileReference; lastKnownFileType = image.png; path = CarRound.png; sourceTree = "<group>"; };
		43502C362BA8653C00D626AF /* GroupFilled.png */ = {isa = PBXFileReference; lastKnownFileType = image.png; path = GroupFilled.png; sourceTree = "<group>"; };
		43502C372BA8653C00D626AF /* GroupOutlined.png */ = {isa = PBXFileReference; lastKnownFileType = image.png; path = GroupOutlined.png; sourceTree = "<group>"; };
		43502C382BA8653C00D626AF /* GroupRound.png */ = {isa = PBXFileReference; lastKnownFileType = image.png; path = GroupRound.png; sourceTree = "<group>"; };
		43502C392BA8653C00D626AF /* PersonFilled.png */ = {isa = PBXFileReference; lastKnownFileType = image.png; path = PersonFilled.png; sourceTree = "<group>"; };
		43502C3A2BA8653C00D626AF /* PersonOutlined.png */ = {isa = PBXFileReference; lastKnownFileType = image.png; path = PersonOutlined.png; sourceTree = "<group>"; };
		43502C3B2BA8653C00D626AF /* PersonRound.png */ = {isa = PBXFileReference; lastKnownFileType = image.png; path = PersonRound.png; sourceTree = "<group>"; };
		43502C3C2BA8653C00D626AF /* PinFilled.png */ = {isa = PBXFileReference; lastKnownFileType = image.png; path = PinFilled.png; sourceTree = "<group>"; };
		43502C3D2BA8653C00D626AF /* PinOutlined.png */ = {isa = PBXFileReference; lastKnownFileType = image.png; path = PinOutlined.png; sourceTree = "<group>"; };
		43502C3E2BA8653C00D626AF /* PinRound.png */ = {isa = PBXFileReference; lastKnownFileType = image.png; path = PinRound.png; sourceTree = "<group>"; };
		43502C3F2BA8653C00D626AF /* StarFilled.png */ = {isa = PBXFileReference; lastKnownFileType = image.png; path = StarFilled.png; sourceTree = "<group>"; };
		43502C402BA8653C00D626AF /* StarOutlined.png */ = {isa = PBXFileReference; lastKnownFileType = image.png; path = StarOutlined.png; sourceTree = "<group>"; };
		43502C412BA8653C00D626AF /* StarRound.png */ = {isa = PBXFileReference; lastKnownFileType = image.png; path = StarRound.png; sourceTree = "<group>"; };
/* End PBXFileReference section */

/* Begin PBXFrameworksBuildPhase section */
		43502C1F2BA864FC00D626AF /* Frameworks */ = {
			isa = PBXFrameworksBuildPhase;
			buildActionMask = 2147483647;
			files = (
				431CB9AC2BEB5147003FEEEE /* FirebaseFunctions in Frameworks */,
				431CB9A22BEB5147003FEEEE /* FirebaseDatabaseSwift in Frameworks */,
				431CB9B22BEB5147003FEEEE /* FirebaseInAppMessagingSwift-Beta in Frameworks */,
				431CB9B82BEB5147003FEEEE /* FirebaseMessaging in Frameworks */,
				431CB9982BEB5147003FEEEE /* FirebaseAppDistribution-Beta in Frameworks */,
				431CB99C2BEB5147003FEEEE /* FirebaseAuthCombine-Community in Frameworks */,
				431CB9A82BEB5147003FEEEE /* FirebaseFirestoreCombine-Community in Frameworks */,
				431CB9922BEB5147003FEEEE /* FirebaseAnalyticsSwift in Frameworks */,
				431CB9B62BEB5147003FEEEE /* FirebaseMLModelDownloader in Frameworks */,
				431CB9942BEB5147003FEEEE /* FirebaseAnalyticsWithoutAdIdSupport in Frameworks */,
				431CB98E2BEB5147003FEEEE /* FirebaseAnalytics in Frameworks */,
				431CB9AA2BEB5147003FEEEE /* FirebaseFirestoreSwift in Frameworks */,
				431CB9902BEB5147003FEEEE /* FirebaseAnalyticsOnDeviceConversion in Frameworks */,
				431CB9962BEB5147003FEEEE /* FirebaseAppCheck in Frameworks */,
				431CB9BA2BEB5147003FEEEE /* FirebasePerformance in Frameworks */,
				431CB9B02BEB5147003FEEEE /* FirebaseInAppMessaging-Beta in Frameworks */,
				431CB9AE2BEB5147003FEEEE /* FirebaseFunctionsCombine-Community in Frameworks */,
				431CB99E2BEB5147003FEEEE /* FirebaseCrashlytics in Frameworks */,
				431CB9B42BEB5147003FEEEE /* FirebaseInstallations in Frameworks */,
				431CB9BC2BEB5147003FEEEE /* FirebaseRemoteConfig in Frameworks */,
				431CB9C02BEB5147003FEEEE /* FirebaseStorage in Frameworks */,
				431CB9A02BEB5147003FEEEE /* FirebaseDatabase in Frameworks */,
				431CB9C22BEB5147003FEEEE /* FirebaseStorageCombine-Community in Frameworks */,
				4315777E2BCD12F1007D4344 /* SDWebImageSwiftUI in Frameworks */,
				431CB99A2BEB5147003FEEEE /* FirebaseAuth in Frameworks */,
				431CB9A42BEB5147003FEEEE /* FirebaseDynamicLinks in Frameworks */,
				431CB9A62BEB5147003FEEEE /* FirebaseFirestore in Frameworks */,
				431CB9BE2BEB5147003FEEEE /* FirebaseRemoteConfigSwift in Frameworks */,
			);
			runOnlyForDeploymentPostprocessing = 0;
		};
/* End PBXFrameworksBuildPhase section */

/* Begin PBXGroup section */
		43502C192BA864FC00D626AF = {
			isa = PBXGroup;
			children = (
				43502C242BA864FC00D626AF /* WHERE */,
				43502C232BA864FC00D626AF /* Products */,
			);
			sourceTree = "<group>";
		};
		43502C232BA864FC00D626AF /* Products */ = {
			isa = PBXGroup;
			children = (
				43502C222BA864FC00D626AF /* WHERE.app */,
			);
			name = Products;
			sourceTree = "<group>";
		};
		43502C242BA864FC00D626AF /* WHERE */ = {
			isa = PBXGroup;
			children = (
				431577322BCBC167007D4344 /* Launch Screen.storyboard */,
				43502C252BA864FC00D626AF /* WHEREApp.swift */,
				43502C272BA864FC00D626AF /* MainView.swift */,
				431577292BCB8A25007D4344 /* MapView.swift */,
				4315772B2BCB8A6B007D4344 /* NavigateView.swift */,
				431577812BCE079B007D4344 /* NewMessageView.swift */,
				4315772D2BCB8BB8007D4344 /* MainMessagesView.swift */,
				4315777F2BCE0513007D4344 /* ChatUser.swift */,
				4315772F2BCB8BD0007D4344 /* AccountView.swift */,
				431577412BCCC9BB007D4344 /* ImagePicker.swift */,
				43502C422BA8653C00D626AF /* Resource */,
				43502C292BA864FD00D626AF /* Assets.xcassets */,
				43502C2B2BA864FD00D626AF /* Preview Content */,
				4315777A2BCD0A95007D4344 /* FirebaseManager.swift */,
				43445E562BD3447400591A03 /* ChatLogView.swift */,
				431CB98A2BEB4D6F003FEEEE /* GoogleService-Info.plist */,
			);
			path = WHERE;
			sourceTree = "<group>";
		};
		43502C2B2BA864FD00D626AF /* Preview Content */ = {
			isa = PBXGroup;
			children = (
				43502C2C2BA864FD00D626AF /* Preview Assets.xcassets */,
			);
			path = "Preview Content";
			sourceTree = "<group>";
		};
		43502C422BA8653C00D626AF /* Resource */ = {
			isa = PBXGroup;
			children = (
				43502C332BA8653C00D626AF /* CarFilled.png */,
				43502C342BA8653C00D626AF /* CarOutlined.png */,
				43502C352BA8653C00D626AF /* CarRound.png */,
				43502C362BA8653C00D626AF /* GroupFilled.png */,
				43502C372BA8653C00D626AF /* GroupOutlined.png */,
				43502C382BA8653C00D626AF /* GroupRound.png */,
				43502C392BA8653C00D626AF /* PersonFilled.png */,
				43502C3A2BA8653C00D626AF /* PersonOutlined.png */,
				43502C3B2BA8653C00D626AF /* PersonRound.png */,
				43502C3C2BA8653C00D626AF /* PinFilled.png */,
				43502C3D2BA8653C00D626AF /* PinOutlined.png */,
				43502C3E2BA8653C00D626AF /* PinRound.png */,
				43502C3F2BA8653C00D626AF /* StarFilled.png */,
				43502C402BA8653C00D626AF /* StarOutlined.png */,
				43502C412BA8653C00D626AF /* StarRound.png */,
			);
			path = Resource;
			sourceTree = "<group>";
		};
/* End PBXGroup section */

/* Begin PBXNativeTarget section */
		43502C212BA864FC00D626AF /* WHERE */ = {
			isa = PBXNativeTarget;
			buildConfigurationList = 43502C302BA864FD00D626AF /* Build configuration list for PBXNativeTarget "WHERE" */;
			buildPhases = (
				43502C1E2BA864FC00D626AF /* Sources */,
				43502C1F2BA864FC00D626AF /* Frameworks */,
				43502C202BA864FC00D626AF /* Resources */,
			);
			buildRules = (
			);
			dependencies = (
			);
			name = WHERE;
			packageProductDependencies = (
				4315777D2BCD12F1007D4344 /* SDWebImageSwiftUI */,
				431CB98D2BEB5147003FEEEE /* FirebaseAnalytics */,
				431CB98F2BEB5147003FEEEE /* FirebaseAnalyticsOnDeviceConversion */,
				431CB9912BEB5147003FEEEE /* FirebaseAnalyticsSwift */,
				431CB9932BEB5147003FEEEE /* FirebaseAnalyticsWithoutAdIdSupport */,
				431CB9952BEB5147003FEEEE /* FirebaseAppCheck */,
				431CB9972BEB5147003FEEEE /* FirebaseAppDistribution-Beta */,
				431CB9992BEB5147003FEEEE /* FirebaseAuth */,
				431CB99B2BEB5147003FEEEE /* FirebaseAuthCombine-Community */,
				431CB99D2BEB5147003FEEEE /* FirebaseCrashlytics */,
				431CB99F2BEB5147003FEEEE /* FirebaseDatabase */,
				431CB9A12BEB5147003FEEEE /* FirebaseDatabaseSwift */,
				431CB9A32BEB5147003FEEEE /* FirebaseDynamicLinks */,
				431CB9A52BEB5147003FEEEE /* FirebaseFirestore */,
				431CB9A72BEB5147003FEEEE /* FirebaseFirestoreCombine-Community */,
				431CB9A92BEB5147003FEEEE /* FirebaseFirestoreSwift */,
				431CB9AB2BEB5147003FEEEE /* FirebaseFunctions */,
				431CB9AD2BEB5147003FEEEE /* FirebaseFunctionsCombine-Community */,
				431CB9AF2BEB5147003FEEEE /* FirebaseInAppMessaging-Beta */,
				431CB9B12BEB5147003FEEEE /* FirebaseInAppMessagingSwift-Beta */,
				431CB9B32BEB5147003FEEEE /* FirebaseInstallations */,
				431CB9B52BEB5147003FEEEE /* FirebaseMLModelDownloader */,
				431CB9B72BEB5147003FEEEE /* FirebaseMessaging */,
				431CB9B92BEB5147003FEEEE /* FirebasePerformance */,
				431CB9BB2BEB5147003FEEEE /* FirebaseRemoteConfig */,
				431CB9BD2BEB5147003FEEEE /* FirebaseRemoteConfigSwift */,
				431CB9BF2BEB5147003FEEEE /* FirebaseStorage */,
				431CB9C12BEB5147003FEEEE /* FirebaseStorageCombine-Community */,
			);
			productName = WHERE;
			productReference = 43502C222BA864FC00D626AF /* WHERE.app */;
			productType = "com.apple.product-type.application";
		};
/* End PBXNativeTarget section */

/* Begin PBXProject section */
		43502C1A2BA864FC00D626AF /* Project object */ = {
			isa = PBXProject;
			attributes = {
				BuildIndependentTargetsInParallel = 1;
				LastSwiftUpdateCheck = 1530;
				LastUpgradeCheck = 1530;
				TargetAttributes = {
					43502C212BA864FC00D626AF = {
						CreatedOnToolsVersion = 15.3;
					};
				};
			};
			buildConfigurationList = 43502C1D2BA864FC00D626AF /* Build configuration list for PBXProject "WHERE" */;
			compatibilityVersion = "Xcode 14.0";
			developmentRegion = en;
			hasScannedForEncodings = 0;
			knownRegions = (
				en,
				Base,
			);
			mainGroup = 43502C192BA864FC00D626AF;
			packageReferences = (
				4315777C2BCD12F1007D4344 /* XCRemoteSwiftPackageReference "SDWebImageSwiftUI" */,
				431CB98C2BEB5146003FEEEE /* XCRemoteSwiftPackageReference "firebase-ios-sdk" */,
			);
			productRefGroup = 43502C232BA864FC00D626AF /* Products */;
			projectDirPath = "";
			projectRoot = "";
			targets = (
				43502C212BA864FC00D626AF /* WHERE */,
			);
		};
/* End PBXProject section */

/* Begin PBXResourcesBuildPhase section */
		43502C202BA864FC00D626AF /* Resources */ = {
			isa = PBXResourcesBuildPhase;
			buildActionMask = 2147483647;
			files = (
				43502C4A2BA8653C00D626AF /* PersonOutlined.png in Resources */,
				43502C502BA8653C00D626AF /* StarOutlined.png in Resources */,
				43502C452BA8653C00D626AF /* CarRound.png in Resources */,
				43502C472BA8653C00D626AF /* GroupOutlined.png in Resources */,
				43502C462BA8653C00D626AF /* GroupFilled.png in Resources */,
				43502C4F2BA8653C00D626AF /* StarFilled.png in Resources */,
				43502C4E2BA8653C00D626AF /* PinRound.png in Resources */,
				43502C442BA8653C00D626AF /* CarOutlined.png in Resources */,
				43502C2D2BA864FD00D626AF /* Preview Assets.xcassets in Resources */,
				43502C4D2BA8653C00D626AF /* PinOutlined.png in Resources */,
				43502C432BA8653C00D626AF /* CarFilled.png in Resources */,
				431CB98B2BEB4D6F003FEEEE /* GoogleService-Info.plist in Resources */,
				43502C512BA8653C00D626AF /* StarRound.png in Resources */,
				431577332BCBC167007D4344 /* Launch Screen.storyboard in Resources */,
				43502C482BA8653C00D626AF /* GroupRound.png in Resources */,
				43502C492BA8653C00D626AF /* PersonFilled.png in Resources */,
				43502C4B2BA8653C00D626AF /* PersonRound.png in Resources */,
				43502C2A2BA864FD00D626AF /* Assets.xcassets in Resources */,
				43502C4C2BA8653C00D626AF /* PinFilled.png in Resources */,
			);
			runOnlyForDeploymentPostprocessing = 0;
		};
/* End PBXResourcesBuildPhase section */

/* Begin PBXSourcesBuildPhase section */
		43502C1E2BA864FC00D626AF /* Sources */ = {
			isa = PBXSourcesBuildPhase;
			buildActionMask = 2147483647;
			files = (
				43502C282BA864FC00D626AF /* MainView.swift in Sources */,
				4315772A2BCB8A26007D4344 /* MapView.swift in Sources */,
				43445E572BD3447400591A03 /* ChatLogView.swift in Sources */,
				4315772C2BCB8A6B007D4344 /* NavigateView.swift in Sources */,
				431577802BCE0513007D4344 /* ChatUser.swift in Sources */,
				431577422BCCC9BB007D4344 /* ImagePicker.swift in Sources */,
				4315777B2BCD0A95007D4344 /* FirebaseManager.swift in Sources */,
				4315772E2BCB8BB8007D4344 /* MainMessagesView.swift in Sources */,
				431577302BCB8BD0007D4344 /* AccountView.swift in Sources */,
				43502C262BA864FC00D626AF /* WHEREApp.swift in Sources */,
				431577822BCE079B007D4344 /* NewMessageView.swift in Sources */,
			);
			runOnlyForDeploymentPostprocessing = 0;
		};
/* End PBXSourcesBuildPhase section */

/* Begin XCBuildConfiguration section */
		43502C2E2BA864FD00D626AF /* Debug */ = {
			isa = XCBuildConfiguration;
			buildSettings = {
				ALWAYS_SEARCH_USER_PATHS = NO;
				ASSETCATALOG_COMPILER_GENERATE_SWIFT_ASSET_SYMBOL_EXTENSIONS = YES;
				CLANG_ANALYZER_NONNULL = YES;
				CLANG_ANALYZER_NUMBER_OBJECT_CONVERSION = YES_AGGRESSIVE;
				CLANG_CXX_LANGUAGE_STANDARD = "gnu++20";
				CLANG_ENABLE_MODULES = YES;
				CLANG_ENABLE_OBJC_ARC = YES;
				CLANG_ENABLE_OBJC_WEAK = YES;
				CLANG_WARN_BLOCK_CAPTURE_AUTORELEASING = YES;
				CLANG_WARN_BOOL_CONVERSION = YES;
				CLANG_WARN_COMMA = YES;
				CLANG_WARN_CONSTANT_CONVERSION = YES;
				CLANG_WARN_DEPRECATED_OBJC_IMPLEMENTATIONS = YES;
				CLANG_WARN_DIRECT_OBJC_ISA_USAGE = YES_ERROR;
				CLANG_WARN_DOCUMENTATION_COMMENTS = YES;
				CLANG_WARN_EMPTY_BODY = YES;
				CLANG_WARN_ENUM_CONVERSION = YES;
				CLANG_WARN_INFINITE_RECURSION = YES;
				CLANG_WARN_INT_CONVERSION = YES;
				CLANG_WARN_NON_LITERAL_NULL_CONVERSION = YES;
				CLANG_WARN_OBJC_IMPLICIT_RETAIN_SELF = YES;
				CLANG_WARN_OBJC_LITERAL_CONVERSION = YES;
				CLANG_WARN_OBJC_ROOT_CLASS = YES_ERROR;
				CLANG_WARN_QUOTED_INCLUDE_IN_FRAMEWORK_HEADER = YES;
				CLANG_WARN_RANGE_LOOP_ANALYSIS = YES;
				CLANG_WARN_STRICT_PROTOTYPES = YES;
				CLANG_WARN_SUSPICIOUS_MOVE = YES;
				CLANG_WARN_UNGUARDED_AVAILABILITY = YES_AGGRESSIVE;
				CLANG_WARN_UNREACHABLE_CODE = YES;
				CLANG_WARN__DUPLICATE_METHOD_MATCH = YES;
				COPY_PHASE_STRIP = NO;
				DEBUG_INFORMATION_FORMAT = dwarf;
				ENABLE_STRICT_OBJC_MSGSEND = YES;
				ENABLE_TESTABILITY = YES;
				ENABLE_USER_SCRIPT_SANDBOXING = YES;
				GCC_C_LANGUAGE_STANDARD = gnu17;
				GCC_DYNAMIC_NO_PIC = NO;
				GCC_NO_COMMON_BLOCKS = YES;
				GCC_OPTIMIZATION_LEVEL = 0;
				GCC_PREPROCESSOR_DEFINITIONS = (
					"DEBUG=1",
					"$(inherited)",
				);
				GCC_WARN_64_TO_32_BIT_CONVERSION = YES;
				GCC_WARN_ABOUT_RETURN_TYPE = YES_ERROR;
				GCC_WARN_UNDECLARED_SELECTOR = YES;
				GCC_WARN_UNINITIALIZED_AUTOS = YES_AGGRESSIVE;
				GCC_WARN_UNUSED_FUNCTION = YES;
				GCC_WARN_UNUSED_VARIABLE = YES;
				IPHONEOS_DEPLOYMENT_TARGET = 17.4;
				LOCALIZATION_PREFERS_STRING_CATALOGS = YES;
				MTL_ENABLE_DEBUG_INFO = INCLUDE_SOURCE;
				MTL_FAST_MATH = YES;
				ONLY_ACTIVE_ARCH = YES;
				SDKROOT = iphoneos;
				SWIFT_ACTIVE_COMPILATION_CONDITIONS = "DEBUG $(inherited)";
				SWIFT_OPTIMIZATION_LEVEL = "-Onone";
			};
			name = Debug;
		};
		43502C2F2BA864FD00D626AF /* Release */ = {
			isa = XCBuildConfiguration;
			buildSettings = {
				ALWAYS_SEARCH_USER_PATHS = NO;
				ASSETCATALOG_COMPILER_GENERATE_SWIFT_ASSET_SYMBOL_EXTENSIONS = YES;
				CLANG_ANALYZER_NONNULL = YES;
				CLANG_ANALYZER_NUMBER_OBJECT_CONVERSION = YES_AGGRESSIVE;
				CLANG_CXX_LANGUAGE_STANDARD = "gnu++20";
				CLANG_ENABLE_MODULES = YES;
				CLANG_ENABLE_OBJC_ARC = YES;
				CLANG_ENABLE_OBJC_WEAK = YES;
				CLANG_WARN_BLOCK_CAPTURE_AUTORELEASING = YES;
				CLANG_WARN_BOOL_CONVERSION = YES;
				CLANG_WARN_COMMA = YES;
				CLANG_WARN_CONSTANT_CONVERSION = YES;
				CLANG_WARN_DEPRECATED_OBJC_IMPLEMENTATIONS = YES;
				CLANG_WARN_DIRECT_OBJC_ISA_USAGE = YES_ERROR;
				CLANG_WARN_DOCUMENTATION_COMMENTS = YES;
				CLANG_WARN_EMPTY_BODY = YES;
				CLANG_WARN_ENUM_CONVERSION = YES;
				CLANG_WARN_INFINITE_RECURSION = YES;
				CLANG_WARN_INT_CONVERSION = YES;
				CLANG_WARN_NON_LITERAL_NULL_CONVERSION = YES;
				CLANG_WARN_OBJC_IMPLICIT_RETAIN_SELF = YES;
				CLANG_WARN_OBJC_LITERAL_CONVERSION = YES;
				CLANG_WARN_OBJC_ROOT_CLASS = YES_ERROR;
				CLANG_WARN_QUOTED_INCLUDE_IN_FRAMEWORK_HEADER = YES;
				CLANG_WARN_RANGE_LOOP_ANALYSIS = YES;
				CLANG_WARN_STRICT_PROTOTYPES = YES;
				CLANG_WARN_SUSPICIOUS_MOVE = YES;
				CLANG_WARN_UNGUARDED_AVAILABILITY = YES_AGGRESSIVE;
				CLANG_WARN_UNREACHABLE_CODE = YES;
				CLANG_WARN__DUPLICATE_METHOD_MATCH = YES;
				COPY_PHASE_STRIP = NO;
				DEBUG_INFORMATION_FORMAT = "dwarf-with-dsym";
				ENABLE_NS_ASSERTIONS = NO;
				ENABLE_STRICT_OBJC_MSGSEND = YES;
				ENABLE_USER_SCRIPT_SANDBOXING = YES;
				GCC_C_LANGUAGE_STANDARD = gnu17;
				GCC_NO_COMMON_BLOCKS = YES;
				GCC_WARN_64_TO_32_BIT_CONVERSION = YES;
				GCC_WARN_ABOUT_RETURN_TYPE = YES_ERROR;
				GCC_WARN_UNDECLARED_SELECTOR = YES;
				GCC_WARN_UNINITIALIZED_AUTOS = YES_AGGRESSIVE;
				GCC_WARN_UNUSED_FUNCTION = YES;
				GCC_WARN_UNUSED_VARIABLE = YES;
				IPHONEOS_DEPLOYMENT_TARGET = 17.4;
				LOCALIZATION_PREFERS_STRING_CATALOGS = YES;
				MTL_ENABLE_DEBUG_INFO = NO;
				MTL_FAST_MATH = YES;
				SDKROOT = iphoneos;
				SWIFT_COMPILATION_MODE = wholemodule;
				VALIDATE_PRODUCT = YES;
			};
			name = Release;
		};
		43502C312BA864FD00D626AF /* Debug */ = {
			isa = XCBuildConfiguration;
			buildSettings = {
				ASSETCATALOG_COMPILER_APPICON_NAME = AppIcon;
				ASSETCATALOG_COMPILER_GLOBAL_ACCENT_COLOR_NAME = AccentColor;
				CODE_SIGN_STYLE = Automatic;
				CURRENT_PROJECT_VERSION = 1;
				DEVELOPMENT_ASSET_PATHS = "\"WHERE/Preview Content\"";
				DEVELOPMENT_TEAM = 866ZR82W9U;
				ENABLE_PREVIEWS = YES;
				GENERATE_INFOPLIST_FILE = YES;
				INFOPLIST_KEY_NSLocationWhenInUseUsageDescription = "This app needs your location to show it on the map.";
				INFOPLIST_KEY_UIApplicationSceneManifest_Generation = YES;
				INFOPLIST_KEY_UIApplicationSupportsIndirectInputEvents = YES;
				INFOPLIST_KEY_UILaunchScreen_Generation = YES;
				INFOPLIST_KEY_UILaunchStoryboardName = "Launch Screen.storyboard";
				INFOPLIST_KEY_UISupportedInterfaceOrientations_iPad = "UIInterfaceOrientationPortrait UIInterfaceOrientationPortraitUpsideDown UIInterfaceOrientationLandscapeLeft UIInterfaceOrientationLandscapeRight";
				INFOPLIST_KEY_UISupportedInterfaceOrientations_iPhone = "UIInterfaceOrientationPortrait UIInterfaceOrientationLandscapeLeft UIInterfaceOrientationLandscapeRight";
				LD_RUNPATH_SEARCH_PATHS = (
					"$(inherited)",
					"@executable_path/Frameworks",
				);
				MARKETING_VERSION = 1.0;
				PRODUCT_BUNDLE_IDENTIFIER = com.3eeend.WHERE;
				PRODUCT_NAME = "$(TARGET_NAME)";
				SWIFT_EMIT_LOC_STRINGS = YES;
				SWIFT_VERSION = 5.0;
				TARGETED_DEVICE_FAMILY = "1,2";
			};
			name = Debug;
		};
		43502C322BA864FD00D626AF /* Release */ = {
			isa = XCBuildConfiguration;
			buildSettings = {
				ASSETCATALOG_COMPILER_APPICON_NAME = AppIcon;
				ASSETCATALOG_COMPILER_GLOBAL_ACCENT_COLOR_NAME = AccentColor;
				CODE_SIGN_STYLE = Automatic;
				CURRENT_PROJECT_VERSION = 1;
				DEVELOPMENT_ASSET_PATHS = "\"WHERE/Preview Content\"";
				DEVELOPMENT_TEAM = 866ZR82W9U;
				ENABLE_PREVIEWS = YES;
				GENERATE_INFOPLIST_FILE = YES;
				INFOPLIST_KEY_NSLocationWhenInUseUsageDescription = "This app needs your location to show it on the map.";
				INFOPLIST_KEY_UIApplicationSceneManifest_Generation = YES;
				INFOPLIST_KEY_UIApplicationSupportsIndirectInputEvents = YES;
				INFOPLIST_KEY_UILaunchScreen_Generation = YES;
				INFOPLIST_KEY_UILaunchStoryboardName = "Launch Screen.storyboard";
				INFOPLIST_KEY_UISupportedInterfaceOrientations_iPad = "UIInterfaceOrientationPortrait UIInterfaceOrientationPortraitUpsideDown UIInterfaceOrientationLandscapeLeft UIInterfaceOrientationLandscapeRight";
				INFOPLIST_KEY_UISupportedInterfaceOrientations_iPhone = "UIInterfaceOrientationPortrait UIInterfaceOrientationLandscapeLeft UIInterfaceOrientationLandscapeRight";
				LD_RUNPATH_SEARCH_PATHS = (
					"$(inherited)",
					"@executable_path/Frameworks",
				);
				MARKETING_VERSION = 1.0;
				PRODUCT_BUNDLE_IDENTIFIER = com.3eeend.WHERE;
				PRODUCT_NAME = "$(TARGET_NAME)";
				SWIFT_EMIT_LOC_STRINGS = YES;
				SWIFT_VERSION = 5.0;
				TARGETED_DEVICE_FAMILY = "1,2";
			};
			name = Release;
		};
/* End XCBuildConfiguration section */

/* Begin XCConfigurationList section */
		43502C1D2BA864FC00D626AF /* Build configuration list for PBXProject "WHERE" */ = {
			isa = XCConfigurationList;
			buildConfigurations = (
				43502C2E2BA864FD00D626AF /* Debug */,
				43502C2F2BA864FD00D626AF /* Release */,
			);
			defaultConfigurationIsVisible = 0;
			defaultConfigurationName = Release;
		};
		43502C302BA864FD00D626AF /* Build configuration list for PBXNativeTarget "WHERE" */ = {
			isa = XCConfigurationList;
			buildConfigurations = (
				43502C312BA864FD00D626AF /* Debug */,
				43502C322BA864FD00D626AF /* Release */,
			);
			defaultConfigurationIsVisible = 0;
			defaultConfigurationName = Release;
		};
/* End XCConfigurationList section */

/* Begin XCRemoteSwiftPackageReference section */
		4315777C2BCD12F1007D4344 /* XCRemoteSwiftPackageReference "SDWebImageSwiftUI" */ = {
			isa = XCRemoteSwiftPackageReference;
			repositoryURL = "https://github.com/SDWebImage/SDWebImageSwiftUI.git";
			requirement = {
				kind = upToNextMajorVersion;
				minimumVersion = 3.0.2;
			};
		};
		431CB98C2BEB5146003FEEEE /* XCRemoteSwiftPackageReference "firebase-ios-sdk" */ = {
			isa = XCRemoteSwiftPackageReference;
			repositoryURL = "https://github.com/firebase/firebase-ios-sdk";
			requirement = {
				kind = upToNextMajorVersion;
				minimumVersion = 10.25.0;
			};
		};
/* End XCRemoteSwiftPackageReference section */

/* Begin XCSwiftPackageProductDependency section */
		4315777D2BCD12F1007D4344 /* SDWebImageSwiftUI */ = {
			isa = XCSwiftPackageProductDependency;
			package = 4315777C2BCD12F1007D4344 /* XCRemoteSwiftPackageReference "SDWebImageSwiftUI" */;
			productName = SDWebImageSwiftUI;
		};
		431CB98D2BEB5147003FEEEE /* FirebaseAnalytics */ = {
			isa = XCSwiftPackageProductDependency;
			package = 431CB98C2BEB5146003FEEEE /* XCRemoteSwiftPackageReference "firebase-ios-sdk" */;
			productName = FirebaseAnalytics;
		};
		431CB98F2BEB5147003FEEEE /* FirebaseAnalyticsOnDeviceConversion */ = {
			isa = XCSwiftPackageProductDependency;
			package = 431CB98C2BEB5146003FEEEE /* XCRemoteSwiftPackageReference "firebase-ios-sdk" */;
			productName = FirebaseAnalyticsOnDeviceConversion;
		};
		431CB9912BEB5147003FEEEE /* FirebaseAnalyticsSwift */ = {
			isa = XCSwiftPackageProductDependency;
			package = 431CB98C2BEB5146003FEEEE /* XCRemoteSwiftPackageReference "firebase-ios-sdk" */;
			productName = FirebaseAnalyticsSwift;
		};
		431CB9932BEB5147003FEEEE /* FirebaseAnalyticsWithoutAdIdSupport */ = {
			isa = XCSwiftPackageProductDependency;
			package = 431CB98C2BEB5146003FEEEE /* XCRemoteSwiftPackageReference "firebase-ios-sdk" */;
			productName = FirebaseAnalyticsWithoutAdIdSupport;
		};
		431CB9952BEB5147003FEEEE /* FirebaseAppCheck */ = {
			isa = XCSwiftPackageProductDependency;
			package = 431CB98C2BEB5146003FEEEE /* XCRemoteSwiftPackageReference "firebase-ios-sdk" */;
			productName = FirebaseAppCheck;
		};
		431CB9972BEB5147003FEEEE /* FirebaseAppDistribution-Beta */ = {
			isa = XCSwiftPackageProductDependency;
			package = 431CB98C2BEB5146003FEEEE /* XCRemoteSwiftPackageReference "firebase-ios-sdk" */;
			productName = "FirebaseAppDistribution-Beta";
		};
		431CB9992BEB5147003FEEEE /* FirebaseAuth */ = {
			isa = XCSwiftPackageProductDependency;
			package = 431CB98C2BEB5146003FEEEE /* XCRemoteSwiftPackageReference "firebase-ios-sdk" */;
			productName = FirebaseAuth;
		};
		431CB99B2BEB5147003FEEEE /* FirebaseAuthCombine-Community */ = {
			isa = XCSwiftPackageProductDependency;
			package = 431CB98C2BEB5146003FEEEE /* XCRemoteSwiftPackageReference "firebase-ios-sdk" */;
			productName = "FirebaseAuthCombine-Community";
		};
		431CB99D2BEB5147003FEEEE /* FirebaseCrashlytics */ = {
			isa = XCSwiftPackageProductDependency;
			package = 431CB98C2BEB5146003FEEEE /* XCRemoteSwiftPackageReference "firebase-ios-sdk" */;
			productName = FirebaseCrashlytics;
		};
		431CB99F2BEB5147003FEEEE /* FirebaseDatabase */ = {
			isa = XCSwiftPackageProductDependency;
			package = 431CB98C2BEB5146003FEEEE /* XCRemoteSwiftPackageReference "firebase-ios-sdk" */;
			productName = FirebaseDatabase;
		};
		431CB9A12BEB5147003FEEEE /* FirebaseDatabaseSwift */ = {
			isa = XCSwiftPackageProductDependency;
			package = 431CB98C2BEB5146003FEEEE /* XCRemoteSwiftPackageReference "firebase-ios-sdk" */;
			productName = FirebaseDatabaseSwift;
		};
		431CB9A32BEB5147003FEEEE /* FirebaseDynamicLinks */ = {
			isa = XCSwiftPackageProductDependency;
			package = 431CB98C2BEB5146003FEEEE /* XCRemoteSwiftPackageReference "firebase-ios-sdk" */;
			productName = FirebaseDynamicLinks;
		};
		431CB9A52BEB5147003FEEEE /* FirebaseFirestore */ = {
			isa = XCSwiftPackageProductDependency;
			package = 431CB98C2BEB5146003FEEEE /* XCRemoteSwiftPackageReference "firebase-ios-sdk" */;
			productName = FirebaseFirestore;
		};
		431CB9A72BEB5147003FEEEE /* FirebaseFirestoreCombine-Community */ = {
			isa = XCSwiftPackageProductDependency;
			package = 431CB98C2BEB5146003FEEEE /* XCRemoteSwiftPackageReference "firebase-ios-sdk" */;
			productName = "FirebaseFirestoreCombine-Community";
		};
		431CB9A92BEB5147003FEEEE /* FirebaseFirestoreSwift */ = {
			isa = XCSwiftPackageProductDependency;
			package = 431CB98C2BEB5146003FEEEE /* XCRemoteSwiftPackageReference "firebase-ios-sdk" */;
			productName = FirebaseFirestoreSwift;
		};
		431CB9AB2BEB5147003FEEEE /* FirebaseFunctions */ = {
			isa = XCSwiftPackageProductDependency;
			package = 431CB98C2BEB5146003FEEEE /* XCRemoteSwiftPackageReference "firebase-ios-sdk" */;
			productName = FirebaseFunctions;
		};
		431CB9AD2BEB5147003FEEEE /* FirebaseFunctionsCombine-Community */ = {
			isa = XCSwiftPackageProductDependency;
			package = 431CB98C2BEB5146003FEEEE /* XCRemoteSwiftPackageReference "firebase-ios-sdk" */;
			productName = "FirebaseFunctionsCombine-Community";
		};
		431CB9AF2BEB5147003FEEEE /* FirebaseInAppMessaging-Beta */ = {
			isa = XCSwiftPackageProductDependency;
			package = 431CB98C2BEB5146003FEEEE /* XCRemoteSwiftPackageReference "firebase-ios-sdk" */;
			productName = "FirebaseInAppMessaging-Beta";
		};
		431CB9B12BEB5147003FEEEE /* FirebaseInAppMessagingSwift-Beta */ = {
			isa = XCSwiftPackageProductDependency;
			package = 431CB98C2BEB5146003FEEEE /* XCRemoteSwiftPackageReference "firebase-ios-sdk" */;
			productName = "FirebaseInAppMessagingSwift-Beta";
		};
		431CB9B32BEB5147003FEEEE /* FirebaseInstallations */ = {
			isa = XCSwiftPackageProductDependency;
			package = 431CB98C2BEB5146003FEEEE /* XCRemoteSwiftPackageReference "firebase-ios-sdk" */;
			productName = FirebaseInstallations;
		};
		431CB9B52BEB5147003FEEEE /* FirebaseMLModelDownloader */ = {
			isa = XCSwiftPackageProductDependency;
			package = 431CB98C2BEB5146003FEEEE /* XCRemoteSwiftPackageReference "firebase-ios-sdk" */;
			productName = FirebaseMLModelDownloader;
		};
		431CB9B72BEB5147003FEEEE /* FirebaseMessaging */ = {
			isa = XCSwiftPackageProductDependency;
			package = 431CB98C2BEB5146003FEEEE /* XCRemoteSwiftPackageReference "firebase-ios-sdk" */;
			productName = FirebaseMessaging;
		};
		431CB9B92BEB5147003FEEEE /* FirebasePerformance */ = {
			isa = XCSwiftPackageProductDependency;
			package = 431CB98C2BEB5146003FEEEE /* XCRemoteSwiftPackageReference "firebase-ios-sdk" */;
			productName = FirebasePerformance;
		};
		431CB9BB2BEB5147003FEEEE /* FirebaseRemoteConfig */ = {
			isa = XCSwiftPackageProductDependency;
			package = 431CB98C2BEB5146003FEEEE /* XCRemoteSwiftPackageReference "firebase-ios-sdk" */;
			productName = FirebaseRemoteConfig;
		};
		431CB9BD2BEB5147003FEEEE /* FirebaseRemoteConfigSwift */ = {
			isa = XCSwiftPackageProductDependency;
			package = 431CB98C2BEB5146003FEEEE /* XCRemoteSwiftPackageReference "firebase-ios-sdk" */;
			productName = FirebaseRemoteConfigSwift;
		};
		431CB9BF2BEB5147003FEEEE /* FirebaseStorage */ = {
			isa = XCSwiftPackageProductDependency;
			package = 431CB98C2BEB5146003FEEEE /* XCRemoteSwiftPackageReference "firebase-ios-sdk" */;
			productName = FirebaseStorage;
		};
		431CB9C12BEB5147003FEEEE /* FirebaseStorageCombine-Community */ = {
			isa = XCSwiftPackageProductDependency;
			package = 431CB98C2BEB5146003FEEEE /* XCRemoteSwiftPackageReference "firebase-ios-sdk" */;
			productName = "FirebaseStorageCombine-Community";
		};
/* End XCSwiftPackageProductDependency section */
	};
	rootObject = 43502C1A2BA864FC00D626AF /* Project object */;
}
